<?xml version="1.0" encoding="utf-8"?>
<Project ToolsVersion="4.0" xmlns="http://schemas.microsoft.com/developer/msbuild/2003">
  <ItemGroup>
    <Filter Include="Source Files">
      <UniqueIdentifier>{4FC737F1-C7A5-4376-A066-2A32D752A2FF}</UniqueIdentifier>
      <Extensions>cpp;c;cc;cxx;def;odl;idl;hpj;bat;asm;asmx</Extensions>
    </Filter>
  </ItemGroup>
  <ItemGroup>
    <ClCompile Include="Source\Base\ZenEngineBootstrap.cpp">
      <Filter>Source Files</Filter>
    </ClCompile>
    <ClCompile Include="stdafx.cpp">
      <Filter>Source Files</Filter>
    </ClCompile>
    <ClCompile Include="Source\Core\Render\Renderer.cpp">
      <Filter>Source Files</Filter>
    </ClCompile>
    <ClCompile Include="Source\Core\Render\shader\ShaderManager.cpp">
      <Filter>Source Files</Filter>
    </ClCompile>
    <ClCompile Include="Source\Base\Game.cpp">
      <Filter>Source Files</Filter>
    </ClCompile>
    <ClCompile Include="Source\Core\common\logging\ZLog.cpp">
      <Filter>Source Files</Filter>
    </ClCompile>
    <ClCompile Include="Source\Core\assets\manager\AssetLoader.cpp">
      <Filter>Source Files</Filter>
    </ClCompile>
    <ClCompile Include="Source\Core\assets\models\ObjModel.cpp">
      <Filter>Source Files</Filter>
    </ClCompile>
    <ClCompile Include="Source\Core\assets\models\Mesh.cpp">
      <Filter>Source Files</Filter>
    </ClCompile>
    <ClCompile Include="Source\Core\common\ZenMath.cpp">
      <Filter>Source Files</Filter>
    </ClCompile>
  </ItemGroup>
  <ItemGroup>
    <ClInclude Include="stdafx.h" />
    <ClInclude Include="Source\Core\Render\Renderer.h" />
    <ClInclude Include="Source\Core\Render\shader\ShaderManager.h" />
    <ClInclude Include="Source\Base\Game.h" />
    <ClInclude Include="Source\Core\common\logging\ZLog.h" />
    <ClInclude Include="Source\Core\assets\manager\AssetLoader.h" />
    <ClInclude Include="Source\Core\assets\models\ObjModel.h" />
    <ClInclude Include="Source\Core\assets\models\Mesh.h" />
    <ClInclude Include="Source\Core\assets\models\IRenderable.h" />
    <ClInclude Include="Source\Core\util\Vertex.h" />
    <ClInclude Include="Source\Core\common\ZenMath.h" />
  </ItemGroup>
  <ItemGroup>
    <None Include="Source\Core\Render\shader\HoloFragmentShader.frag" />
    <None Include="Source\Core\Render\shader\HoloVertexShader.vert" />
  </ItemGroup>
</Project>